{
  "name": "@delgada/cli",
  "version": "0.0.1",
  "lockfileVersion": 1,
  "requires": true,
  "dependencies": {
    "@delgada/core": {
      "version": "0.1.0",
      "resolved": "https://registry.npmjs.org/@delgada/core/-/core-0.1.0.tgz",
      "integrity": "sha512-lIl5HPfeYkGvM/ow/93JI5u0nu4sv5LqurN3MPkBp6IEIL2dbDf8Gsk13AyssJa+yxtZhd9tM1uQfJs4u9kf2g==",
      "requires": {
        "@delgada/core-android-arm-eabi": "0.1.0",
        "@delgada/core-android-arm64": "0.1.0",
        "@delgada/core-darwin-arm64": "0.1.0",
        "@delgada/core-darwin-x64": "0.1.0",
        "@delgada/core-freebsd-x64": "0.1.0",
        "@delgada/core-linux-arm-gnueabihf": "0.1.0",
        "@delgada/core-linux-arm64-gnu": "0.1.0",
        "@delgada/core-linux-arm64-musl": "0.1.0",
        "@delgada/core-linux-x64-gnu": "0.1.0",
        "@delgada/core-linux-x64-musl": "0.1.0",
        "@delgada/core-win32-arm64-msvc": "0.1.0",
        "@delgada/core-win32-ia32-msvc": "0.1.0",
        "@delgada/core-win32-x64-msvc": "0.1.0"
      }
    },
    "@delgada/core-android-arm-eabi": {
      "version": "0.1.0",
      "resolved": "https://registry.npmjs.org/@delgada/core-android-arm-eabi/-/core-android-arm-eabi-0.1.0.tgz",
      "integrity": "sha512-n88nxVoNq10yURS9sjw3M/dKIEF/vAO1m/Do6uF03PtEkeGZXSKvtLGWl/cPbNgD6ldRtBdywS++HzVTejYIvg==",
      "optional": true
    },
    "@delgada/core-android-arm64": {
      "version": "0.1.0",
      "resolved": "https://registry.npmjs.org/@delgada/core-android-arm64/-/core-android-arm64-0.1.0.tgz",
      "integrity": "sha512-Mjay+uneKckuOnyV9CInxCe1QU3rqN/vY7kCi7WHKiyGGIvjilEkJjnkH0Nvi7cU7e9FsM+YTSIzNQyLicEckA==",
      "optional": true
    },
    "@delgada/core-darwin-arm64": {
      "version": "0.1.0",
      "resolved": "https://registry.npmjs.org/@delgada/core-darwin-arm64/-/core-darwin-arm64-0.1.0.tgz",
      "integrity": "sha512-7DQG2j/IrioJXzZnQ0nsrdmpOOkf0HVPh3upU506KGK1KXxXlZuQ5BotkviMm9yATUd7ySGJhpqKV8mcUiT19Q==",
      "optional": true
    },
    "@delgada/core-darwin-x64": {
      "version": "0.1.0",
      "resolved": "https://registry.npmjs.org/@delgada/core-darwin-x64/-/core-darwin-x64-0.1.0.tgz",
      "integrity": "sha512-DtAqJ8W+J2KVK0IGg65W1yi6B+elDo9oeCwHqJnFYbhUE9cGKWvmBIyzgHwJRmDQQxdXMf6ynr/vUAqj62U1Jg==",
      "optional": true
    },
    "@delgada/core-freebsd-x64": {
      "version": "0.1.0",
      "resolved": "https://registry.npmjs.org/@delgada/core-freebsd-x64/-/core-freebsd-x64-0.1.0.tgz",
      "integrity": "sha512-yrURdk4nWuh6TtDHhOUb+1MCj//N3nNyKNXcLhJresiU4g0E+jzQZ1/3V7IPXEqSQtnaI73yQvp0Q+N6S+vWrg==",
      "optional": true
    },
    "@delgada/core-linux-arm-gnueabihf": {
      "version": "0.1.0",
      "resolved": "https://registry.npmjs.org/@delgada/core-linux-arm-gnueabihf/-/core-linux-arm-gnueabihf-0.1.0.tgz",
      "integrity": "sha512-8wQa/7Kbq4bc5EnVCqIGIz9RHpe77lHO1Xi6+LqIn54zZyken7pXoJo9oOTIjsZqhsHwVUVOyS277g2vVZWksw==",
      "optional": true
    },
    "@delgada/core-linux-arm64-gnu": {
      "version": "0.1.0",
      "resolved": "https://registry.npmjs.org/@delgada/core-linux-arm64-gnu/-/core-linux-arm64-gnu-0.1.0.tgz",
      "integrity": "sha512-R9HT2+KjOQ0GqZHF9AMf2ygIOQJpLBvK7Iy9M3u4/UIt8kbGXRUcenaYHMlYlLGVThesXPt8M9IVu48rU2juUw==",
      "optional": true
    },
    "@delgada/core-linux-arm64-musl": {
      "version": "0.1.0",
      "resolved": "https://registry.npmjs.org/@delgada/core-linux-arm64-musl/-/core-linux-arm64-musl-0.1.0.tgz",
      "integrity": "sha512-2FsZ05lYYdLb4dwajQcOScXfANHJjsrljc6UlVJkye7jCwlhdSX++XShFoE6LB9YY3Ohkhp9OiplYvU8jqXsdw==",
      "optional": true
    },
    "@delgada/core-linux-x64-gnu": {
      "version": "0.1.0",
      "resolved": "https://registry.npmjs.org/@delgada/core-linux-x64-gnu/-/core-linux-x64-gnu-0.1.0.tgz",
      "integrity": "sha512-/qfTGzmF+3kV349KxrIkEFgTHoOClW/XdBTRwkpSDsd11jsvSEDjBbHSZCWg3qFTWSjhAf4NPgHuuNYvRP5nIg==",
      "optional": true
    },
    "@delgada/core-linux-x64-musl": {
      "version": "0.1.0",
      "resolved": "https://registry.npmjs.org/@delgada/core-linux-x64-musl/-/core-linux-x64-musl-0.1.0.tgz",
      "integrity": "sha512-anWWssHagahhMzVWMelfc/Wm7iLC6hn7IArgpIcBOpyG6A0lTINhbQnj08P4lTHlsx/Ah5utwN2BOVwM2p0u0Q==",
      "optional": true
    },
    "@delgada/core-win32-arm64-msvc": {
      "version": "0.1.0",
      "resolved": "https://registry.npmjs.org/@delgada/core-win32-arm64-msvc/-/core-win32-arm64-msvc-0.1.0.tgz",
      "integrity": "sha512-EgbF5jTsDQ1yX36JpcWFd3syQNqYGL2wWnBb+a5kNyrauP4uOVEim8UKzcqHfQuNZipi0fk76flYEvRTQeAzEg==",
      "optional": true
    },
    "@delgada/core-win32-ia32-msvc": {
      "version": "0.1.0",
      "resolved": "https://registry.npmjs.org/@delgada/core-win32-ia32-msvc/-/core-win32-ia32-msvc-0.1.0.tgz",
      "integrity": "sha512-yaqF0TNRYrfcBKnSGofSkXPkZ094sPSHbtHMhUzdnTHWgf5AgVgEQCo6U4xpCoBWZ2j8kzjrjRXMLGXfmXd5Ew==",
      "optional": true
    },
    "@delgada/core-win32-x64-msvc": {
      "version": "0.1.0",
      "resolved": "https://registry.npmjs.org/@delgada/core-win32-x64-msvc/-/core-win32-x64-msvc-0.1.0.tgz",
      "integrity": "sha512-LRnwNZGBk8Vtoc/YlU/qzVeIImwl9an5YB92/AocAR0CbZldBgsC6+bDnmI1Q+d/4jLG2r1IF+jd3uHDwImHiA==",
      "optional": true
    },
    "@types/node": {
      "version": "16.11.10",
      "resolved": "https://registry.npmjs.org/@types/node/-/node-16.11.10.tgz",
      "integrity": "sha512-3aRnHa1KlOEEhJ6+CvyHKK5vE9BcLGjtUpwvqYLRvYNQKMfabu3BwfJaA/SLW8dxe28LsNDjtHwePTuzn3gmOA==",
      "dev": true
    },
    "commander": {
      "version": "8.3.0",
      "resolved": "https://registry.npmjs.org/commander/-/commander-8.3.0.tgz",
      "integrity": "sha512-OkTL9umf+He2DZkUq8f8J9of7yL6RJKI24dVITBmNfZBmri9zYZQrKkuXiKhyfPSu8tUhnVBB1iKXevvnlR4Ww=="
    },
    "prettier": {
      "version": "2.5.0",
      "resolved": "https://registry.npmjs.org/prettier/-/prettier-2.5.0.tgz",
      "integrity": "sha512-FM/zAKgWTxj40rH03VxzIPdXmj39SwSjwG0heUcNFwI+EMZJnY93yAiKXM3dObIKAM5TA88werc8T/EwhB45eg==",
      "dev": true
    },
    "typescript": {
      "version": "4.5.2",
      "resolved": "https://registry.npmjs.org/typescript/-/typescript-4.5.2.tgz",
      "integrity": "sha512-5BlMof9H1yGt0P8/WF+wPNw6GfctgGjXp5hkblpyT+8rkASSmkUKMXrxR0Xg8ThVCi/JnHQiKXeBaEwCeQwMFw==",
      "dev": true
    }
  }
}
