{
  "name": "@delgada/cli",
  "version": "0.1.0",
  "lockfileVersion": 1,
  "requires": true,
  "dependencies": {
    "@delgada/core": {
      "version": "0.1.2",
      "resolved": "https://registry.npmjs.org/@delgada/core/-/core-0.1.2.tgz",
      "integrity": "sha512-jT8Dr4emc5H2ttyGQ9sXJ4A+wq1mA0mxVkHKEakwdGlBmNBNi1RfxeN2wPEloUTEhfdHYDv1ww2XJxVJIjm+6A==",
      "requires": {
        "@delgada/core-android-arm-eabi": "0.1.2",
        "@delgada/core-android-arm64": "0.1.2",
        "@delgada/core-darwin-arm64": "0.1.2",
        "@delgada/core-darwin-x64": "0.1.2",
        "@delgada/core-freebsd-x64": "0.1.2",
        "@delgada/core-linux-arm-gnueabihf": "0.1.2",
        "@delgada/core-linux-arm64-gnu": "0.1.2",
        "@delgada/core-linux-arm64-musl": "0.1.2",
        "@delgada/core-linux-x64-gnu": "0.1.2",
        "@delgada/core-linux-x64-musl": "0.1.2",
        "@delgada/core-win32-arm64-msvc": "0.1.2",
        "@delgada/core-win32-ia32-msvc": "0.1.2",
        "@delgada/core-win32-x64-msvc": "0.1.2"
      }
    },
    "@delgada/core-android-arm-eabi": {
      "version": "0.1.2",
      "resolved": "https://registry.npmjs.org/@delgada/core-android-arm-eabi/-/core-android-arm-eabi-0.1.2.tgz",
      "integrity": "sha512-D9Xdegqm9JOfUwUCTc0wLlG/9AJocbHzVB6JaudZ0aij66Jug0WxvN/iTNAjfa5G6/e7+JpctzkHE5bnkKK93g==",
      "optional": true
    },
    "@delgada/core-android-arm64": {
      "version": "0.1.2",
      "resolved": "https://registry.npmjs.org/@delgada/core-android-arm64/-/core-android-arm64-0.1.2.tgz",
      "integrity": "sha512-zGqSneMhwqpxSGzDuAIzNWAcl1XyJVI7REwIGZMCyBJV8n+E2NP8p21JxgkSbsP1wiXyu/l5VU4FG2xgXlBqOA==",
      "optional": true
    },
    "@delgada/core-darwin-arm64": {
      "version": "0.1.2",
      "resolved": "https://registry.npmjs.org/@delgada/core-darwin-arm64/-/core-darwin-arm64-0.1.2.tgz",
      "integrity": "sha512-CL6MdIK0cF9hU9DMJnyY9CWfojoC29AT/EJ7PXyyRkC00C1bhPIhS3JLY2NSM2rd5na4ZnseQ16FaEG8EMR27Q==",
      "optional": true
    },
    "@delgada/core-darwin-x64": {
      "version": "0.1.2",
      "resolved": "https://registry.npmjs.org/@delgada/core-darwin-x64/-/core-darwin-x64-0.1.2.tgz",
      "integrity": "sha512-1EpnN4PnCw6ve9A9vi+jwBfMSLiS405eF9QEyUbqcfE7F1fUhZhiDeEUC0zSF3esXsHQv6muiDHS5qzrP2evUQ==",
      "optional": true
    },
    "@delgada/core-freebsd-x64": {
      "version": "0.1.2",
      "resolved": "https://registry.npmjs.org/@delgada/core-freebsd-x64/-/core-freebsd-x64-0.1.2.tgz",
      "integrity": "sha512-+ryJxnW17mVY4SkcAHrOKm68sHzXiDoSH/ujOycYyZ/zVDllUx+wLJGYO5dgEHDO06OHolmGm8J3jFF9VdnDGw==",
      "optional": true
    },
    "@delgada/core-linux-arm-gnueabihf": {
      "version": "0.1.2",
      "resolved": "https://registry.npmjs.org/@delgada/core-linux-arm-gnueabihf/-/core-linux-arm-gnueabihf-0.1.2.tgz",
      "integrity": "sha512-penjlQN4B/gn3Qr1BUqsJNFHs/qyMVjVrD4M3iU3Pq2lQMQ/nVnTxOOBJcgklUp+qfZ+D/JQgI3RyiMjGU9lFQ==",
      "optional": true
    },
    "@delgada/core-linux-arm64-gnu": {
      "version": "0.1.2",
      "resolved": "https://registry.npmjs.org/@delgada/core-linux-arm64-gnu/-/core-linux-arm64-gnu-0.1.2.tgz",
      "integrity": "sha512-TevPORlpWQbST5io8mJlqoL4UNx22xyxMLmaYkhUwa6wrB95xzxxm3gi0Eoi9RQ1ydvWSqWOAE547MMt6AkesQ==",
      "optional": true
    },
    "@delgada/core-linux-arm64-musl": {
      "version": "0.1.2",
      "resolved": "https://registry.npmjs.org/@delgada/core-linux-arm64-musl/-/core-linux-arm64-musl-0.1.2.tgz",
      "integrity": "sha512-4T81BH2zzCuAQT8k2kliK/ZRq5fIbRbatZZRI7fYxbFT/k+8V2Zr1J0/mMYiVyglUspjMaIwlImwGB9nCoeJfA==",
      "optional": true
    },
    "@delgada/core-linux-x64-gnu": {
      "version": "0.1.2",
      "resolved": "https://registry.npmjs.org/@delgada/core-linux-x64-gnu/-/core-linux-x64-gnu-0.1.2.tgz",
      "integrity": "sha512-/TAvOiF2Mivv01sYY2Hse41JNAlKHPmb68mwKcj/zgzt0oKt6mPop5XziGGY3k1oQURy8/kM9UQ8GmStyxSupA==",
      "optional": true
    },
    "@delgada/core-linux-x64-musl": {
      "version": "0.1.2",
      "resolved": "https://registry.npmjs.org/@delgada/core-linux-x64-musl/-/core-linux-x64-musl-0.1.2.tgz",
      "integrity": "sha512-B57iUcUT7phJ3yxBx9t2KV+H0iI2Fqv16k1IT2wttQcwQfsmCra3gXDEF210KuQaa5R6e7MfAHiUcFOWRGdlcQ==",
      "optional": true
    },
    "@delgada/core-win32-arm64-msvc": {
      "version": "0.1.2",
      "resolved": "https://registry.npmjs.org/@delgada/core-win32-arm64-msvc/-/core-win32-arm64-msvc-0.1.2.tgz",
      "integrity": "sha512-FtGcg2Dp4ND66NBvGfXfKvNYaXHuBzTe/XdmAZDp6V5kk5AyNlkyd5fFiKpCANTQr88XxenG8QAlQ2UMhSo0+w==",
      "optional": true
    },
    "@delgada/core-win32-ia32-msvc": {
      "version": "0.1.2",
      "resolved": "https://registry.npmjs.org/@delgada/core-win32-ia32-msvc/-/core-win32-ia32-msvc-0.1.2.tgz",
      "integrity": "sha512-2UBt/+eog7VwMo2hdJvPJ+BlpzBZAyDLGKkN1wBdRUUAa35uv5Ll6x76bESwajtyrW0kSCdb7XFF8ptaw7egHw==",
      "optional": true
    },
    "@delgada/core-win32-x64-msvc": {
      "version": "0.1.2",
      "resolved": "https://registry.npmjs.org/@delgada/core-win32-x64-msvc/-/core-win32-x64-msvc-0.1.2.tgz",
      "integrity": "sha512-GCmsGeqpcGTCHNC99nYB5a9TyA/omkrYRLbEOQg9qnJN7NO60fn9T4CwPmhE4F5cltMcUAGzZOaZ7gPkQNqR/g==",
      "optional": true
    },
    "@types/node": {
      "version": "16.11.18",
      "resolved": "https://registry.npmjs.org/@types/node/-/node-16.11.18.tgz",
      "integrity": "sha512-7N8AOYWWYuw0g+K+GKCmIwfU1VMHcexYNpLPYzFZ4Uq2W6C/ptfeC7XhXgy/4pcwhz/9KoS5yijMfnYQ0u0Udw==",
      "dev": true
    },
    "commander": {
      "version": "8.3.0",
      "resolved": "https://registry.npmjs.org/commander/-/commander-8.3.0.tgz",
      "integrity": "sha512-OkTL9umf+He2DZkUq8f8J9of7yL6RJKI24dVITBmNfZBmri9zYZQrKkuXiKhyfPSu8tUhnVBB1iKXevvnlR4Ww=="
    },
    "prettier": {
      "version": "2.5.0",
      "resolved": "https://registry.npmjs.org/prettier/-/prettier-2.5.0.tgz",
      "integrity": "sha512-FM/zAKgWTxj40rH03VxzIPdXmj39SwSjwG0heUcNFwI+EMZJnY93yAiKXM3dObIKAM5TA88werc8T/EwhB45eg==",
      "dev": true
    },
    "tslib": {
      "version": "2.3.1",
      "resolved": "https://registry.npmjs.org/tslib/-/tslib-2.3.1.tgz",
      "integrity": "sha512-77EbyPPpMz+FRFRuAFlWMtmgUWGe9UOG2Z25NqCwiIjRhOf5iKGuzSe5P2w1laq+FkRy4p+PCuVkJSGkzTEKVw=="
    },
    "typescript": {
      "version": "4.5.2",
      "resolved": "https://registry.npmjs.org/typescript/-/typescript-4.5.2.tgz",
      "integrity": "sha512-5BlMof9H1yGt0P8/WF+wPNw6GfctgGjXp5hkblpyT+8rkASSmkUKMXrxR0Xg8ThVCi/JnHQiKXeBaEwCeQwMFw==",
      "dev": true
    }
  }
}
