{
  "name": "@delgada/cli",
  "version": "0.2.1",
  "lockfileVersion": 1,
  "requires": true,
  "dependencies": {
    "@delgada/core": {
      "version": "0.3.1",
      "resolved": "https://registry.npmjs.org/@delgada/core/-/core-0.3.1.tgz",
      "integrity": "sha512-EBYLBCp5MPoWE3H+xmJuWMaeKWPoB3/bx2p1veXDB0n9qSE5T3BVo1bphDIuALOZ8F3Ygo69sySsNWUg+hM7iA==",
      "requires": {
        "@delgada/core-android-arm-eabi": "0.3.1",
        "@delgada/core-android-arm64": "0.3.1",
        "@delgada/core-darwin-arm64": "0.3.1",
        "@delgada/core-darwin-x64": "0.3.1",
        "@delgada/core-freebsd-x64": "0.3.1",
        "@delgada/core-linux-arm-gnueabihf": "0.3.1",
        "@delgada/core-linux-arm64-gnu": "0.3.1",
        "@delgada/core-linux-arm64-musl": "0.3.1",
        "@delgada/core-linux-x64-gnu": "0.3.1",
        "@delgada/core-linux-x64-musl": "0.3.1",
        "@delgada/core-win32-arm64-msvc": "0.3.1",
        "@delgada/core-win32-ia32-msvc": "0.3.1",
        "@delgada/core-win32-x64-msvc": "0.3.1"
      }
    },
    "@delgada/core-android-arm-eabi": {
      "version": "0.3.1",
      "resolved": "https://registry.npmjs.org/@delgada/core-android-arm-eabi/-/core-android-arm-eabi-0.3.1.tgz",
      "integrity": "sha512-7Yn0fyy9eugqYK72btQlgW5n41i2Suu0dLuXiGpo2WX3rTno/BoUYUyDR8a66/hcEItgqHlG5c+K1MNK0EDHMw==",
      "optional": true
    },
    "@delgada/core-android-arm64": {
      "version": "0.3.1",
      "resolved": "https://registry.npmjs.org/@delgada/core-android-arm64/-/core-android-arm64-0.3.1.tgz",
      "integrity": "sha512-/4f14X5Au60dVxsqVnYDURMkYh4T/5Tl4kUWsHHeCKoqxbbUYWBCarlNz0UKpGKdQk/O8ikwKvw6h7rV1OKXEA==",
      "optional": true
    },
    "@delgada/core-darwin-arm64": {
      "version": "0.3.1",
      "resolved": "https://registry.npmjs.org/@delgada/core-darwin-arm64/-/core-darwin-arm64-0.3.1.tgz",
      "integrity": "sha512-MlI1lSkDFOs9cIFgKByTeI0QmZIUybwR91e+avlumj1IgOnhMHouFDlJ348oNCeekTrYQRYypq/zxUDvIhRSRw==",
      "optional": true
    },
    "@delgada/core-darwin-x64": {
      "version": "0.3.1",
      "resolved": "https://registry.npmjs.org/@delgada/core-darwin-x64/-/core-darwin-x64-0.3.1.tgz",
      "integrity": "sha512-Qo/CDpn6tlPElLFEWwy0sQA1tYMUvQrfsRcHXPztsESyYskRwvztHPc3um+ZjYocDu25a4Y7TFou7teIk0gA3w==",
      "optional": true
    },
    "@delgada/core-freebsd-x64": {
      "version": "0.3.1",
      "resolved": "https://registry.npmjs.org/@delgada/core-freebsd-x64/-/core-freebsd-x64-0.3.1.tgz",
      "integrity": "sha512-prai+IOVXV7Qz/ARD669J7rLch2xSbb1wWjBKBgZrOTOxjYcMoNgwjXC/9BMeIzZoDOSK6e5fVxY0WbjZRmoXQ==",
      "optional": true
    },
    "@delgada/core-linux-arm-gnueabihf": {
      "version": "0.3.1",
      "resolved": "https://registry.npmjs.org/@delgada/core-linux-arm-gnueabihf/-/core-linux-arm-gnueabihf-0.3.1.tgz",
      "integrity": "sha512-NVB8ZO16BBsRasuy12XAbSXWc6ZmOQMgECVqXAQEb32sd5sVdUgh47YtKr9vzO7s2AJLQOB1Js3i3wUtRLfPmQ==",
      "optional": true
    },
    "@delgada/core-linux-arm64-gnu": {
      "version": "0.3.1",
      "resolved": "https://registry.npmjs.org/@delgada/core-linux-arm64-gnu/-/core-linux-arm64-gnu-0.3.1.tgz",
      "integrity": "sha512-99Q8EQSy1f/UhVpK+UNIFdGehZa/1W9UdAWmV45a0Om6ZafN2Pz18UeIb7m6HjEU5iDsVR0ZqCbz18t5YlvQmg==",
      "optional": true
    },
    "@delgada/core-linux-arm64-musl": {
      "version": "0.3.1",
      "resolved": "https://registry.npmjs.org/@delgada/core-linux-arm64-musl/-/core-linux-arm64-musl-0.3.1.tgz",
      "integrity": "sha512-/cbU9ucbh7MyDKrz+KuNfHoCs57BBWdGLOP8IluE7I0betCHHg8lmhX51915UnJli/uz/LrGjv1Q5NFpARduYA==",
      "optional": true
    },
    "@delgada/core-linux-x64-gnu": {
      "version": "0.3.1",
      "resolved": "https://registry.npmjs.org/@delgada/core-linux-x64-gnu/-/core-linux-x64-gnu-0.3.1.tgz",
      "integrity": "sha512-G/0W0EmWyAfnEw/gr4CFVi4TV4R+po2eCxsNVgRLtyPoT/uLF6x2Pm3UlFuGVcGhuya+Im3C/L+ZiVHzLm9jyw==",
      "optional": true
    },
    "@delgada/core-linux-x64-musl": {
      "version": "0.3.1",
      "resolved": "https://registry.npmjs.org/@delgada/core-linux-x64-musl/-/core-linux-x64-musl-0.3.1.tgz",
      "integrity": "sha512-03fNie2K40dXJjszcN+e90V+lWMWUhg2coT2/k3w4pIOluJTrNrgdKq/dUUqCJf8sxHsgQclBk0e9XnksI+rcQ==",
      "optional": true
    },
    "@delgada/core-win32-arm64-msvc": {
      "version": "0.3.1",
      "resolved": "https://registry.npmjs.org/@delgada/core-win32-arm64-msvc/-/core-win32-arm64-msvc-0.3.1.tgz",
      "integrity": "sha512-w13eCrihgauf/ctmkQEHUPQqrfbWGE0+FB1gQWjvMsVLKDN8TMnFBYvwfOJqaEv6qEYoM/FvR1fxwbw+QzVJ3A==",
      "optional": true
    },
    "@delgada/core-win32-ia32-msvc": {
      "version": "0.3.1",
      "resolved": "https://registry.npmjs.org/@delgada/core-win32-ia32-msvc/-/core-win32-ia32-msvc-0.3.1.tgz",
      "integrity": "sha512-kuK9tKlSXyEaVaOjAhL94tGTo0684eyGGNhp0rAeQxu7ww1ZsOiscfIyJw4oNXxTwwiwKLottj03Zsz+a0cUBQ==",
      "optional": true
    },
    "@delgada/core-win32-x64-msvc": {
      "version": "0.3.1",
      "resolved": "https://registry.npmjs.org/@delgada/core-win32-x64-msvc/-/core-win32-x64-msvc-0.3.1.tgz",
      "integrity": "sha512-AGP7QlwAtwA315PZrRKGOu/F2f2SnA33ioS8ekQmlylt5C5EL5oaUkX0JAIScTE340rOv25fH8V38OxEYqelRg==",
      "optional": true
    },
    "@types/node": {
      "version": "16.11.18",
      "resolved": "https://registry.npmjs.org/@types/node/-/node-16.11.18.tgz",
      "integrity": "sha512-7N8AOYWWYuw0g+K+GKCmIwfU1VMHcexYNpLPYzFZ4Uq2W6C/ptfeC7XhXgy/4pcwhz/9KoS5yijMfnYQ0u0Udw==",
      "dev": true
    },
    "commander": {
      "version": "8.3.0",
      "resolved": "https://registry.npmjs.org/commander/-/commander-8.3.0.tgz",
      "integrity": "sha512-OkTL9umf+He2DZkUq8f8J9of7yL6RJKI24dVITBmNfZBmri9zYZQrKkuXiKhyfPSu8tUhnVBB1iKXevvnlR4Ww=="
    },
    "prettier": {
      "version": "2.5.0",
      "resolved": "https://registry.npmjs.org/prettier/-/prettier-2.5.0.tgz",
      "integrity": "sha512-FM/zAKgWTxj40rH03VxzIPdXmj39SwSjwG0heUcNFwI+EMZJnY93yAiKXM3dObIKAM5TA88werc8T/EwhB45eg==",
      "dev": true
    },
    "tslib": {
      "version": "2.3.1",
      "resolved": "https://registry.npmjs.org/tslib/-/tslib-2.3.1.tgz",
      "integrity": "sha512-77EbyPPpMz+FRFRuAFlWMtmgUWGe9UOG2Z25NqCwiIjRhOf5iKGuzSe5P2w1laq+FkRy4p+PCuVkJSGkzTEKVw=="
    },
    "typescript": {
      "version": "4.5.2",
      "resolved": "https://registry.npmjs.org/typescript/-/typescript-4.5.2.tgz",
      "integrity": "sha512-5BlMof9H1yGt0P8/WF+wPNw6GfctgGjXp5hkblpyT+8rkASSmkUKMXrxR0Xg8ThVCi/JnHQiKXeBaEwCeQwMFw==",
      "dev": true
    }
  }
}
